
Microsoft Visual Studio Solution File, Format Version 12.00
# Visual Studio 14
VisualStudioVersion = 14.0.25420.1
MinimumVisualStudioVersion = 10.0.40219.1
Project("{FAE04EC0-301F-11D3-BF4B-00C04F79EFBC}") = "Framework.Web", "Framework.Web\Framework.Web.csproj", "{B7F534D1-49E6-44D1-BA00-872A0092855C}"
EndProject
Project("{FAE04EC0-301F-11D3-BF4B-00C04F79EFBC}") = "Framework.Utility", "Framework.Utility\Framework.Utility.csproj", "{5FAD1D8D-0E3F-4074-B821-5EA27FF6EC1F}"
EndProject
Project("{FAE04EC0-301F-11D3-BF4B-00C04F79EFBC}") = "Framework.WeChat", "Framework.WeChat\Framework.WeChat.csproj", "{958A4EA7-35EA-4EBD-BB75-B81F659B6754}"
EndProject
Global
	GlobalSection(SolutionConfigurationPlatforms) = preSolution
		Debug|Any CPU = Debug|Any CPU
		Debug|x86 = Debug|x86
		Release|Any CPU = Release|Any CPU
		Release|x86 = Release|x86
	EndGlobalSection
	GlobalSection(ProjectConfigurationPlatforms) = postSolution
		{B7F534D1-49E6-44D1-BA00-872A0092855C}.Debug|Any CPU.ActiveCfg = Debug|Any CPU
		{B7F534D1-49E6-44D1-BA00-872A0092855C}.Debug|Any CPU.Build.0 = Debug|Any CPU
		{B7F534D1-49E6-44D1-BA00-872A0092855C}.Debug|x86.ActiveCfg = Debug|Any CPU
		{B7F534D1-49E6-44D1-BA00-872A0092855C}.Debug|x86.Build.0 = Debug|Any CPU
		{B7F534D1-49E6-44D1-BA00-872A0092855C}.Release|Any CPU.ActiveCfg = Release|Any CPU
		{B7F534D1-49E6-44D1-BA00-872A0092855C}.Release|Any CPU.Build.0 = Release|Any CPU
		{B7F534D1-49E6-44D1-BA00-872A0092855C}.Release|x86.ActiveCfg = Release|Any CPU
		{B7F534D1-49E6-44D1-BA00-872A0092855C}.Release|x86.Build.0 = Release|Any CPU
		{5FAD1D8D-0E3F-4074-B821-5EA27FF6EC1F}.Debug|Any CPU.ActiveCfg = Debug|Any CPU
		{5FAD1D8D-0E3F-4074-B821-5EA27FF6EC1F}.Debug|Any CPU.Build.0 = Debug|Any CPU
		{5FAD1D8D-0E3F-4074-B821-5EA27FF6EC1F}.Debug|x86.ActiveCfg = Debug|Any CPU
		{5FAD1D8D-0E3F-4074-B821-5EA27FF6EC1F}.Debug|x86.Build.0 = Debug|Any CPU
		{5FAD1D8D-0E3F-4074-B821-5EA27FF6EC1F}.Release|Any CPU.ActiveCfg = Release|Any CPU
		{5FAD1D8D-0E3F-4074-B821-5EA27FF6EC1F}.Release|Any CPU.Build.0 = Release|Any CPU
		{5FAD1D8D-0E3F-4074-B821-5EA27FF6EC1F}.Release|x86.ActiveCfg = Release|Any CPU
		{5FAD1D8D-0E3F-4074-B821-5EA27FF6EC1F}.Release|x86.Build.0 = Release|Any CPU
		{958A4EA7-35EA-4EBD-BB75-B81F659B6754}.Debug|Any CPU.ActiveCfg = Debug|Any CPU
		{958A4EA7-35EA-4EBD-BB75-B81F659B6754}.Debug|Any CPU.Build.0 = Debug|Any CPU
		{958A4EA7-35EA-4EBD-BB75-B81F659B6754}.Debug|x86.ActiveCfg = Debug|x86
		{958A4EA7-35EA-4EBD-BB75-B81F659B6754}.Debug|x86.Build.0 = Debug|x86
		{958A4EA7-35EA-4EBD-BB75-B81F659B6754}.Release|Any CPU.ActiveCfg = Release|Any CPU
		{958A4EA7-35EA-4EBD-BB75-B81F659B6754}.Release|Any CPU.Build.0 = Release|Any CPU
		{958A4EA7-35EA-4EBD-BB75-B81F659B6754}.Release|x86.ActiveCfg = Release|x86
		{958A4EA7-35EA-4EBD-BB75-B81F659B6754}.Release|x86.Build.0 = Release|x86
	EndGlobalSection
	GlobalSection(SolutionProperties) = preSolution
		HideSolutionNode = FALSE
	EndGlobalSection
EndGlobal
